// !$*UTF8*$!
{
	archiveVersion = 1;
	classes = {
	};
	objectVersion = 56;
	objects = {

/* Begin PBXBuildFile section */
		3F692984299DEB5C004AE4ED /* HeartRateMonitorApp.swift in Sources */ = {isa = PBXBuildFile; fileRef = 3F692983299DEB5C004AE4ED /* HeartRateMonitorApp.swift */; };
		3F692986299DEB5C004AE4ED /* ContentView.swift in Sources */ = {isa = PBXBuildFile; fileRef = 3F692985299DEB5C004AE4ED /* ContentView.swift */; };
		3F692988299DEB5D004AE4ED /* Assets.xcassets in Resources */ = {isa = PBXBuildFile; fileRef = 3F692987299DEB5D004AE4ED /* Assets.xcassets */; };
		3F69298B299DEB5D004AE4ED /* Preview Assets.xcassets in Resources */ = {isa = PBXBuildFile; fileRef = 3F69298A299DEB5D004AE4ED /* Preview Assets.xcassets */; };
		3F692995299DEB5D004AE4ED /* HeartRateMonitorTests.swift in Sources */ = {isa = PBXBuildFile; fileRef = 3F692994299DEB5D004AE4ED /* HeartRateMonitorTests.swift */; };
		3F69299F299DEB5D004AE4ED /* HeartRateMonitorUITests.swift in Sources */ = {isa = PBXBuildFile; fileRef = 3F69299E299DEB5D004AE4ED /* HeartRateMonitorUITests.swift */; };
		3F6929A1299DEB5D004AE4ED /* HeartRateMonitorUITestsLaunchTests.swift in Sources */ = {isa = PBXBuildFile; fileRef = 3F6929A0299DEB5D004AE4ED /* HeartRateMonitorUITestsLaunchTests.swift */; };
/* End PBXBuildFile section */

/* Begin PBXContainerItemProxy section */
		3F692991299DEB5D004AE4ED /* PBXContainerItemProxy */ = {
			isa = PBXContainerItemProxy;
			containerPortal = 3F692978299DEB5C004AE4ED /* Project object */;
			proxyType = 1;
			remoteGlobalIDString = 3F69297F299DEB5C004AE4ED;
			remoteInfo = HeartRateMonitor;
		};
		3F69299B299DEB5D004AE4ED /* PBXContainerItemProxy */ = {
			isa = PBXContainerItemProxy;
			containerPortal = 3F692978299DEB5C004AE4ED /* Project object */;
			proxyType = 1;
			remoteGlobalIDString = 3F69297F299DEB5C004AE4ED;
			remoteInfo = HeartRateMonitor;
		};
/* End PBXContainerItemProxy section */

/* Begin PBXFileReference section */
		3F692980299DEB5C004AE4ED /* HeartRateMonitor.app */ = {isa = PBXFileReference; explicitFileType = wrapper.application; includeInIndex = 0; path = HeartRateMonitor.app; sourceTree = BUILT_PRODUCTS_DIR; };
		3F692983299DEB5C004AE4ED /* HeartRateMonitorApp.swift */ = {isa = PBXFileReference; lastKnownFileType = sourcecode.swift; path = HeartRateMonitorApp.swift; sourceTree = "<group>"; };
		3F692985299DEB5C004AE4ED /* ContentView.swift */ = {isa = PBXFileReference; lastKnownFileType = sourcecode.swift; path = ContentView.swift; sourceTree = "<group>"; };
		3F692987299DEB5D004AE4ED /* Assets.xcassets */ = {isa = PBXFileReference; lastKnownFileType = folder.assetcatalog; path = Assets.xcassets; sourceTree = "<group>"; };
		3F69298A299DEB5D004AE4ED /* Preview Assets.xcassets */ = {isa = PBXFileReference; lastKnownFileType = folder.assetcatalog; path = "Preview Assets.xcassets"; sourceTree = "<group>"; };
		3F692990299DEB5D004AE4ED /* HeartRateMonitorTests.xctest */ = {isa = PBXFileReference; explicitFileType = wrapper.cfbundle; includeInIndex = 0; path = HeartRateMonitorTests.xctest; sourceTree = BUILT_PRODUCTS_DIR; };
		3F692994299DEB5D004AE4ED /* HeartRateMonitorTests.swift */ = {isa = PBXFileReference; lastKnownFileType = sourcecode.swift; path = HeartRateMonitorTests.swift; sourceTree = "<group>"; };
		3F69299A299DEB5D004AE4ED /* HeartRateMonitorUITests.xctest */ = {isa = PBXFileReference; explicitFileType = wrapper.cfbundle; includeInIndex = 0; path = HeartRateMonitorUITests.xctest; sourceTree = BUILT_PRODUCTS_DIR; };
		3F69299E299DEB5D004AE4ED /* HeartRateMonitorUITests.swift */ = {isa = PBXFileReference; lastKnownFileType = sourcecode.swift; path = HeartRateMonitorUITests.swift; sourceTree = "<group>"; };
		3F6929A0299DEB5D004AE4ED /* HeartRateMonitorUITestsLaunchTests.swift */ = {isa = PBXFileReference; lastKnownFileType = sourcecode.swift; path = HeartRateMonitorUITestsLaunchTests.swift; sourceTree = "<group>"; };
/* End PBXFileReference section */

/* Begin PBXFrameworksBuildPhase section */
		3F69297D299DEB5C004AE4ED /* Frameworks */ = {
			isa = PBXFrameworksBuildPhase;
			buildActionMask = 2147483647;
			files = (
			);
			runOnlyForDeploymentPostprocessing = 0;
		};
		3F69298D299DEB5D004AE4ED /* Frameworks */ = {
			isa = PBXFrameworksBuildPhase;
			buildActionMask = 2147483647;
			files = (
			);
			runOnlyForDeploymentPostprocessing = 0;
		};
		3F692997299DEB5D004AE4ED /* Frameworks */ = {
			isa = PBXFrameworksBuildPhase;
			buildActionMask = 2147483647;
			files = (
			);
			runOnlyForDeploymentPostprocessing = 0;
		};
/* End PBXFrameworksBuildPhase section */

/* Begin PBXGroup section */
		3F692977299DEB5C004AE4ED = {
			isa = PBXGroup;
			children = (
				3F692982299DEB5C004AE4ED /* HeartRateMonitor */,
				3F692993299DEB5D004AE4ED /* HeartRateMonitorTests */,
				3F69299D299DEB5D004AE4ED /* HeartRateMonitorUITests */,
				3F692981299DEB5C004AE4ED /* Products */,
			);
			sourceTree = "<group>";
		};
		3F692981299DEB5C004AE4ED /* Products */ = {
			isa = PBXGroup;
			children = (
				3F692980299DEB5C004AE4ED /* HeartRateMonitor.app */,
				3F692990299DEB5D004AE4ED /* HeartRateMonitorTests.xctest */,
				3F69299A299DEB5D004AE4ED /* HeartRateMonitorUITests.xctest */,
			);
			name = Products;
			sourceTree = "<group>";
		};
		3F692982299DEB5C004AE4ED /* HeartRateMonitor */ = {
			isa = PBXGroup;
			children = (
				3F692983299DEB5C004AE4ED /* HeartRateMonitorApp.swift */,
				3F692985299DEB5C004AE4ED /* ContentView.swift */,
				3F692987299DEB5D004AE4ED /* Assets.xcassets */,
				3F692989299DEB5D004AE4ED /* Preview Content */,
			);
			path = HeartRateMonitor;
			sourceTree = "<group>";
		};
		3F692989299DEB5D004AE4ED /* Preview Content */ = {
			isa = PBXGroup;
			children = (
				3F69298A299DEB5D004AE4ED /* Preview Assets.xcassets */,
			);
			path = "Preview Content";
			sourceTree = "<group>";
		};
		3F692993299DEB5D004AE4ED /* HeartRateMonitorTests */ = {
			isa = PBXGroup;
			children = (
				3F692994299DEB5D004AE4ED /* HeartRateMonitorTests.swift */,
			);
			path = HeartRateMonitorTests;
			sourceTree = "<group>";
		};
		3F69299D299DEB5D004AE4ED /* HeartRateMonitorUITests */ = {
			isa = PBXGroup;
			children = (
				3F69299E299DEB5D004AE4ED /* HeartRateMonitorUITests.swift */,
				3F6929A0299DEB5D004AE4ED /* HeartRateMonitorUITestsLaunchTests.swift */,
			);
			path = HeartRateMonitorUITests;
			sourceTree = "<group>";
		};
/* End PBXGroup section */

/* Begin PBXNativeTarget section */
		3F69297F299DEB5C004AE4ED /* HeartRateMonitor */ = {
			isa = PBXNativeTarget;
			buildConfigurationList = 3F6929A4299DEB5D004AE4ED /* Build configuration list for PBXNativeTarget "HeartRateMonitor" */;
			buildPhases = (
				3F69297C299DEB5C004AE4ED /* Sources */,
				3F69297D299DEB5C004AE4ED /* Frameworks */,
				3F69297E299DEB5C004AE4ED /* Resources */,
			);
			buildRules = (
			);
			dependencies = (
			);
			name = HeartRateMonitor;
			productName = HeartRateMonitor;
			productReference = 3F692980299DEB5C004AE4ED /* HeartRateMonitor.app */;
			productType = "com.apple.product-type.application";
		};
		3F69298F299DEB5D004AE4ED /* HeartRateMonitorTests */ = {
			isa = PBXNativeTarget;
			buildConfigurationList = 3F6929A7299DEB5D004AE4ED /* Build configuration list for PBXNativeTarget "HeartRateMonitorTests" */;
			buildPhases = (
				3F69298C299DEB5D004AE4ED /* Sources */,
				3F69298D299DEB5D004AE4ED /* Frameworks */,
				3F69298E299DEB5D004AE4ED /* Resources */,
			);
			buildRules = (
			);
			dependencies = (
				3F692992299DEB5D004AE4ED /* PBXTargetDependency */,
			);
			name = HeartRateMonitorTests;
			productName = HeartRateMonitorTests;
			productReference = 3F692990299DEB5D004AE4ED /* HeartRateMonitorTests.xctest */;
			productType = "com.apple.product-type.bundle.unit-test";
		};
		3F692999299DEB5D004AE4ED /* HeartRateMonitorUITests */ = {
			isa = PBXNativeTarget;
			buildConfigurationList = 3F6929AA299DEB5D004AE4ED /* Build configuration list for PBXNativeTarget "HeartRateMonitorUITests" */;
			buildPhases = (
				3F692996299DEB5D004AE4ED /* Sources */,
				3F692997299DEB5D004AE4ED /* Frameworks */,
				3F692998299DEB5D004AE4ED /* Resources */,
			);
			buildRules = (
			);
			dependencies = (
				3F69299C299DEB5D004AE4ED /* PBXTargetDependency */,
			);
			name = HeartRateMonitorUITests;
			productName = HeartRateMonitorUITests;
			productReference = 3F69299A299DEB5D004AE4ED /* HeartRateMonitorUITests.xctest */;
			productType = "com.apple.product-type.bundle.ui-testing";
		};
/* End PBXNativeTarget section */

/* Begin PBXProject section */
		3F692978299DEB5C004AE4ED /* Project object */ = {
			isa = PBXProject;
			attributes = {
				BuildIndependentTargetsInParallel = 1;
				LastSwiftUpdateCheck = 1420;
				LastUpgradeCheck = 1420;
				TargetAttributes = {
					3F69297F299DEB5C004AE4ED = {
						CreatedOnToolsVersion = 14.2;
					};
					3F69298F299DEB5D004AE4ED = {
						CreatedOnToolsVersion = 14.2;
						TestTargetID = 3F69297F299DEB5C004AE4ED;
					};
					3F692999299DEB5D004AE4ED = {
						CreatedOnToolsVersion = 14.2;
						TestTargetID = 3F69297F299DEB5C004AE4ED;
					};
				};
			};
			buildConfigurationList = 3F69297B299DEB5C004AE4ED /* Build configuration list for PBXProject "HeartRateMonitor" */;
			compatibilityVersion = "Xcode 14.0";
			developmentRegion = en;
			hasScannedForEncodings = 0;
			knownRegions = (
				en,
				Base,
			);
			mainGroup = 3F692977299DEB5C004AE4ED;
			productRefGroup = 3F692981299DEB5C004AE4ED /* Products */;
			projectDirPath = "";
			projectRoot = "";
			targets = (
				3F69297F299DEB5C004AE4ED /* HeartRateMonitor */,
				3F69298F299DEB5D004AE4ED /* HeartRateMonitorTests */,
				3F692999299DEB5D004AE4ED /* HeartRateMonitorUITests */,
			);
		};
/* End PBXProject section */

/* Begin PBXResourcesBuildPhase section */
		3F69297E299DEB5C004AE4ED /* Resources */ = {
			isa = PBXResourcesBuildPhase;
			buildActionMask = 2147483647;
			files = (
				3F69298B299DEB5D004AE4ED /* Preview Assets.xcassets in Resources */,
				3F692988299DEB5D004AE4ED /* Assets.xcassets in Resources */,
			);
			runOnlyForDeploymentPostprocessing = 0;
		};
		3F69298E299DEB5D004AE4ED /* Resources */ = {
			isa = PBXResourcesBuildPhase;
			buildActionMask = 2147483647;
			files = (
			);
			runOnlyForDeploymentPostprocessing = 0;
		};
		3F692998299DEB5D004AE4ED /* Resources */ = {
			isa = PBXResourcesBuildPhase;
			buildActionMask = 2147483647;
			files = (
			);
			runOnlyForDeploymentPostprocessing = 0;
		};
/* End PBXResourcesBuildPhase section */

/* Begin PBXSourcesBuildPhase section */
		3F69297C299DEB5C004AE4ED /* Sources */ = {
			isa = PBXSourcesBuildPhase;
			buildActionMask = 2147483647;
			files = (
				3F692986299DEB5C004AE4ED /* ContentView.swift in Sources */,
				3F692984299DEB5C004AE4ED /* HeartRateMonitorApp.swift in Sources */,
			);
			runOnlyForDeploymentPostprocessing = 0;
		};
		3F69298C299DEB5D004AE4ED /* Sources */ = {
			isa = PBXSourcesBuildPhase;
			buildActionMask = 2147483647;
			files = (
				3F692995299DEB5D004AE4ED /* HeartRateMonitorTests.swift in Sources */,
			);
			runOnlyForDeploymentPostprocessing = 0;
		};
		3F692996299DEB5D004AE4ED /* Sources */ = {
			isa = PBXSourcesBuildPhase;
			buildActionMask = 2147483647;
			files = (
				3F6929A1299DEB5D004AE4ED /* HeartRateMonitorUITestsLaunchTests.swift in Sources */,
				3F69299F299DEB5D004AE4ED /* HeartRateMonitorUITests.swift in Sources */,
			);
			runOnlyForDeploymentPostprocessing = 0;
		};
/* End PBXSourcesBuildPhase section */

/* Begin PBXTargetDependency section */
		3F692992299DEB5D004AE4ED /* PBXTargetDependency */ = {
			isa = PBXTargetDependency;
			target = 3F69297F299DEB5C004AE4ED /* HeartRateMonitor */;
			targetProxy = 3F692991299DEB5D004AE4ED /* PBXContainerItemProxy */;
		};
		3F69299C299DEB5D004AE4ED /* PBXTargetDependency */ = {
			isa = PBXTargetDependency;
			target = 3F69297F299DEB5C004AE4ED /* HeartRateMonitor */;
			targetProxy = 3F69299B299DEB5D004AE4ED /* PBXContainerItemProxy */;
		};
/* End PBXTargetDependency section */

/* Begin XCBuildConfiguration section */
		3F6929A2299DEB5D004AE4ED /* Debug */ = {
			isa = XCBuildConfiguration;
			buildSettings = {
				ALWAYS_SEARCH_USER_PATHS = NO;
				CLANG_ANALYZER_NONNULL = YES;
				CLANG_ANALYZER_NUMBER_OBJECT_CONVERSION = YES_AGGRESSIVE;
				CLANG_CXX_LANGUAGE_STANDARD = "gnu++20";
				CLANG_ENABLE_MODULES = YES;
				CLANG_ENABLE_OBJC_ARC = YES;
				CLANG_ENABLE_OBJC_WEAK = YES;
				CLANG_WARN_BLOCK_CAPTURE_AUTORELEASING = YES;
				CLANG_WARN_BOOL_CONVERSION = YES;
				CLANG_WARN_COMMA = YES;
				CLANG_WARN_CONSTANT_CONVERSION = YES;
				CLANG_WARN_DEPRECATED_OBJC_IMPLEMENTATIONS = YES;
				CLANG_WARN_DIRECT_OBJC_ISA_USAGE = YES_ERROR;
				CLANG_WARN_DOCUMENTATION_COMMENTS = YES;
				CLANG_WARN_EMPTY_BODY = YES;
				CLANG_WARN_ENUM_CONVERSION = YES;
				CLANG_WARN_INFINITE_RECURSION = YES;
				CLANG_WARN_INT_CONVERSION = YES;
				CLANG_WARN_NON_LITERAL_NULL_CONVERSION = YES;
				CLANG_WARN_OBJC_IMPLICIT_RETAIN_SELF = YES;
				CLANG_WARN_OBJC_LITERAL_CONVERSION = YES;
				CLANG_WARN_OBJC_ROOT_CLASS = YES_ERROR;
				CLANG_WARN_QUOTED_INCLUDE_IN_FRAMEWORK_HEADER = YES;
				CLANG_WARN_RANGE_LOOP_ANALYSIS = YES;
				CLANG_WARN_STRICT_PROTOTYPES = YES;
				CLANG_WARN_SUSPICIOUS_MOVE = YES;
				CLANG_WARN_UNGUARDED_AVAILABILITY = YES_AGGRESSIVE;
				CLANG_WARN_UNREACHABLE_CODE = YES;
				CLANG_WARN__DUPLICATE_METHOD_MATCH = YES;
				COPY_PHASE_STRIP = NO;
				DEBUG_INFORMATION_FORMAT = dwarf;
				ENABLE_STRICT_OBJC_MSGSEND = YES;
				ENABLE_TESTABILITY = YES;
				GCC_C_LANGUAGE_STANDARD = gnu11;
				GCC_DYNAMIC_NO_PIC = NO;
				GCC_NO_COMMON_BLOCKS = YES;
				GCC_OPTIMIZATION_LEVEL = 0;
				GCC_PREPROCESSOR_DEFINITIONS = (
					"DEBUG=1",
					"$(inherited)",
				);
				GCC_WARN_64_TO_32_BIT_CONVERSION = YES;
				GCC_WARN_ABOUT_RETURN_TYPE = YES_ERROR;
				GCC_WARN_UNDECLARED_SELECTOR = YES;
				GCC_WARN_UNINITIALIZED_AUTOS = YES_AGGRESSIVE;
				GCC_WARN_UNUSED_FUNCTION = YES;
				GCC_WARN_UNUSED_VARIABLE = YES;
				IPHONEOS_DEPLOYMENT_TARGET = 16.2;
				MTL_ENABLE_DEBUG_INFO = INCLUDE_SOURCE;
				MTL_FAST_MATH = YES;
				ONLY_ACTIVE_ARCH = YES;
				SDKROOT = iphoneos;
				SWIFT_ACTIVE_COMPILATION_CONDITIONS = DEBUG;
				SWIFT_OPTIMIZATION_LEVEL = "-Onone";
			};
			name = Debug;
		};
		3F6929A3299DEB5D004AE4ED /* Release */ = {
			isa = XCBuildConfiguration;
			buildSettings = {
				ALWAYS_SEARCH_USER_PATHS = NO;
				CLANG_ANALYZER_NONNULL = YES;
				CLANG_ANALYZER_NUMBER_OBJECT_CONVERSION = YES_AGGRESSIVE;
				CLANG_CXX_LANGUAGE_STANDARD = "gnu++20";
				CLANG_ENABLE_MODULES = YES;
				CLANG_ENABLE_OBJC_ARC = YES;
				CLANG_ENABLE_OBJC_WEAK = YES;
				CLANG_WARN_BLOCK_CAPTURE_AUTORELEASING = YES;
				CLANG_WARN_BOOL_CONVERSION = YES;
				CLANG_WARN_COMMA = YES;
				CLANG_WARN_CONSTANT_CONVERSION = YES;
				CLANG_WARN_DEPRECATED_OBJC_IMPLEMENTATIONS = YES;
				CLANG_WARN_DIRECT_OBJC_ISA_USAGE = YES_ERROR;
				CLANG_WARN_DOCUMENTATION_COMMENTS = YES;
				CLANG_WARN_EMPTY_BODY = YES;
				CLANG_WARN_ENUM_CONVERSION = YES;
				CLANG_WARN_INFINITE_RECURSION = YES;
				CLANG_WARN_INT_CONVERSION = YES;
				CLANG_WARN_NON_LITERAL_NULL_CONVERSION = YES;
				CLANG_WARN_OBJC_IMPLICIT_RETAIN_SELF = YES;
				CLANG_WARN_OBJC_LITERAL_CONVERSION = YES;
				CLANG_WARN_OBJC_ROOT_CLASS = YES_ERROR;
				CLANG_WARN_QUOTED_INCLUDE_IN_FRAMEWORK_HEADER = YES;
				CLANG_WARN_RANGE_LOOP_ANALYSIS = YES;
				CLANG_WARN_STRICT_PROTOTYPES = YES;
				CLANG_WARN_SUSPICIOUS_MOVE = YES;
				CLANG_WARN_UNGUARDED_AVAILABILITY = YES_AGGRESSIVE;
				CLANG_WARN_UNREACHABLE_CODE = YES;
				CLANG_WARN__DUPLICATE_METHOD_MATCH = YES;
				COPY_PHASE_STRIP = NO;
				DEBUG_INFORMATION_FORMAT = "dwarf-with-dsym";
				ENABLE_NS_ASSERTIONS = NO;
				ENABLE_STRICT_OBJC_MSGSEND = YES;
				GCC_C_LANGUAGE_STANDARD = gnu11;
				GCC_NO_COMMON_BLOCKS = YES;
				GCC_WARN_64_TO_32_BIT_CONVERSION = YES;
				GCC_WARN_ABOUT_RETURN_TYPE = YES_ERROR;
				GCC_WARN_UNDECLARED_SELECTOR = YES;
				GCC_WARN_UNINITIALIZED_AUTOS = YES_AGGRESSIVE;
				GCC_WARN_UNUSED_FUNCTION = YES;
				GCC_WARN_UNUSED_VARIABLE = YES;
				IPHONEOS_DEPLOYMENT_TARGET = 16.2;
				MTL_ENABLE_DEBUG_INFO = NO;
				MTL_FAST_MATH = YES;
				SDKROOT = iphoneos;
				SWIFT_COMPILATION_MODE = wholemodule;
				SWIFT_OPTIMIZATION_LEVEL = "-O";
				VALIDATE_PRODUCT = YES;
			};
			name = Release;
		};
		3F6929A5299DEB5D004AE4ED /* Debug */ = {
			isa = XCBuildConfiguration;
			buildSettings = {
				ASSETCATALOG_COMPILER_APPICON_NAME = AppIcon;
				ASSETCATALOG_COMPILER_GLOBAL_ACCENT_COLOR_NAME = AccentColor;
				CODE_SIGN_STYLE = Automatic;
				CURRENT_PROJECT_VERSION = 1;
				DEVELOPMENT_ASSET_PATHS = "\"HeartRateMonitor/Preview Content\"";
				DEVELOPMENT_TEAM = HKXZTH4YA3;
				ENABLE_PREVIEWS = YES;
				GENERATE_INFOPLIST_FILE = YES;
				INFOPLIST_KEY_UIApplicationSceneManifest_Generation = YES;
				INFOPLIST_KEY_UIApplicationSupportsIndirectInputEvents = YES;
				INFOPLIST_KEY_UILaunchScreen_Generation = YES;
				INFOPLIST_KEY_UISupportedInterfaceOrientations_iPad = "UIInterfaceOrientationPortrait UIInterfaceOrientationPortraitUpsideDown UIInterfaceOrientationLandscapeLeft UIInterfaceOrientationLandscapeRight";
				INFOPLIST_KEY_UISupportedInterfaceOrientations_iPhone = "UIInterfaceOrientationPortrait UIInterfaceOrientationLandscapeLeft UIInterfaceOrientationLandscapeRight";
				LD_RUNPATH_SEARCH_PATHS = (
					"$(inherited)",
					"@executable_path/Frameworks",
				);
				MARKETING_VERSION = 1.0;
				PRODUCT_BUNDLE_IDENTIFIER = PHA.HeartRateMonitor;
				PRODUCT_NAME = "$(TARGET_NAME)";
				SWIFT_EMIT_LOC_STRINGS = YES;
				SWIFT_VERSION = 5.0;
				TARGETED_DEVICE_FAMILY = "1,2";
			};
			name = Debug;
		};
		3F6929A6299DEB5D004AE4ED /* Release */ = {
			isa = XCBuildConfiguration;
			buildSettings = {
				ASSETCATALOG_COMPILER_APPICON_NAME = AppIcon;
				ASSETCATALOG_COMPILER_GLOBAL_ACCENT_COLOR_NAME = AccentColor;
				CODE_SIGN_STYLE = Automatic;
				CURRENT_PROJECT_VERSION = 1;
				DEVELOPMENT_ASSET_PATHS = "\"HeartRateMonitor/Preview Content\"";
				DEVELOPMENT_TEAM = HKXZTH4YA3;
				ENABLE_PREVIEWS = YES;
				GENERATE_INFOPLIST_FILE = YES;
				INFOPLIST_KEY_UIApplicationSceneManifest_Generation = YES;
				INFOPLIST_KEY_UIApplicationSupportsIndirectInputEvents = YES;
				INFOPLIST_KEY_UILaunchScreen_Generation = YES;
				INFOPLIST_KEY_UISupportedInterfaceOrientations_iPad = "UIInterfaceOrientationPortrait UIInterfaceOrientationPortraitUpsideDown UIInterfaceOrientationLandscapeLeft UIInterfaceOrientationLandscapeRight";
				INFOPLIST_KEY_UISupportedInterfaceOrientations_iPhone = "UIInterfaceOrientationPortrait UIInterfaceOrientationLandscapeLeft UIInterfaceOrientationLandscapeRight";
				LD_RUNPATH_SEARCH_PATHS = (
					"$(inherited)",
					"@executable_path/Frameworks",
				);
				MARKETING_VERSION = 1.0;
				PRODUCT_BUNDLE_IDENTIFIER = PHA.HeartRateMonitor;
				PRODUCT_NAME = "$(TARGET_NAME)";
				SWIFT_EMIT_LOC_STRINGS = YES;
				SWIFT_VERSION = 5.0;
				TARGETED_DEVICE_FAMILY = "1,2";
			};
			name = Release;
		};
		3F6929A8299DEB5D004AE4ED /* Debug */ = {
			isa = XCBuildConfiguration;
			buildSettings = {
				ALWAYS_EMBED_SWIFT_STANDARD_LIBRARIES = YES;
				BUNDLE_LOADER = "$(TEST_HOST)";
				CODE_SIGN_STYLE = Automatic;
				CURRENT_PROJECT_VERSION = 1;
				DEVELOPMENT_TEAM = HKXZTH4YA3;
				GENERATE_INFOPLIST_FILE = YES;
				IPHONEOS_DEPLOYMENT_TARGET = 16.2;
				MARKETING_VERSION = 1.0;
				PRODUCT_BUNDLE_IDENTIFIER = PHA.HeartRateMonitorTests;
				PRODUCT_NAME = "$(TARGET_NAME)";
				SWIFT_EMIT_LOC_STRINGS = NO;
				SWIFT_VERSION = 5.0;
				TARGETED_DEVICE_FAMILY = "1,2";
				TEST_HOST = "$(BUILT_PRODUCTS_DIR)/HeartRateMonitor.app/$(BUNDLE_EXECUTABLE_FOLDER_PATH)/HeartRateMonitor";
			};
			name = Debug;
		};
		3F6929A9299DEB5D004AE4ED /* Release */ = {
			isa = XCBuildConfiguration;
			buildSettings = {
				ALWAYS_EMBED_SWIFT_STANDARD_LIBRARIES = YES;
				BUNDLE_LOADER = "$(TEST_HOST)";
				CODE_SIGN_STYLE = Automatic;
				CURRENT_PROJECT_VERSION = 1;
				DEVELOPMENT_TEAM = HKXZTH4YA3;
				GENERATE_INFOPLIST_FILE = YES;
				IPHONEOS_DEPLOYMENT_TARGET = 16.2;
				MARKETING_VERSION = 1.0;
				PRODUCT_BUNDLE_IDENTIFIER = PHA.HeartRateMonitorTests;
				PRODUCT_NAME = "$(TARGET_NAME)";
				SWIFT_EMIT_LOC_STRINGS = NO;
				SWIFT_VERSION = 5.0;
				TARGETED_DEVICE_FAMILY = "1,2";
				TEST_HOST = "$(BUILT_PRODUCTS_DIR)/HeartRateMonitor.app/$(BUNDLE_EXECUTABLE_FOLDER_PATH)/HeartRateMonitor";
			};
			name = Release;
		};
		3F6929AB299DEB5D004AE4ED /* Debug */ = {
			isa = XCBuildConfiguration;
			buildSettings = {
				ALWAYS_EMBED_SWIFT_STANDARD_LIBRARIES = YES;
				CODE_SIGN_STYLE = Automatic;
				CURRENT_PROJECT_VERSION = 1;
				DEVELOPMENT_TEAM = HKXZTH4YA3;
				GENERATE_INFOPLIST_FILE = YES;
				MARKETING_VERSION = 1.0;
				PRODUCT_BUNDLE_IDENTIFIER = PHA.HeartRateMonitorUITests;
				PRODUCT_NAME = "$(TARGET_NAME)";
				SWIFT_EMIT_LOC_STRINGS = NO;
				SWIFT_VERSION = 5.0;
				TARGETED_DEVICE_FAMILY = "1,2";
				TEST_TARGET_NAME = HeartRateMonitor;
			};
			name = Debug;
		};
		3F6929AC299DEB5D004AE4ED /* Release */ = {
			isa = XCBuildConfiguration;
			buildSettings = {
				ALWAYS_EMBED_SWIFT_STANDARD_LIBRARIES = YES;
				CODE_SIGN_STYLE = Automatic;
				CURRENT_PROJECT_VERSION = 1;
				DEVELOPMENT_TEAM = HKXZTH4YA3;
				GENERATE_INFOPLIST_FILE = YES;
				MARKETING_VERSION = 1.0;
				PRODUCT_BUNDLE_IDENTIFIER = PHA.HeartRateMonitorUITests;
				PRODUCT_NAME = "$(TARGET_NAME)";
				SWIFT_EMIT_LOC_STRINGS = NO;
				SWIFT_VERSION = 5.0;
				TARGETED_DEVICE_FAMILY = "1,2";
				TEST_TARGET_NAME = HeartRateMonitor;
			};
			name = Release;
		};
/* End XCBuildConfiguration section */

/* Begin XCConfigurationList section */
		3F69297B299DEB5C004AE4ED /* Build configuration list for PBXProject "HeartRateMonitor" */ = {
			isa = XCConfigurationList;
			buildConfigurations = (
				3F6929A2299DEB5D004AE4ED /* Debug */,
				3F6929A3299DEB5D004AE4ED /* Release */,
			);
			defaultConfigurationIsVisible = 0;
			defaultConfigurationName = Release;
		};
		3F6929A4299DEB5D004AE4ED /* Build configuration list for PBXNativeTarget "HeartRateMonitor" */ = {
			isa = XCConfigurationList;
			buildConfigurations = (
				3F6929A5299DEB5D004AE4ED /* Debug */,
				3F6929A6299DEB5D004AE4ED /* Release */,
			);
			defaultConfigurationIsVisible = 0;
			defaultConfigurationName = Release;
		};
		3F6929A7299DEB5D004AE4ED /* Build configuration list for PBXNativeTarget "HeartRateMonitorTests" */ = {
			isa = XCConfigurationList;
			buildConfigurations = (
				3F6929A8299DEB5D004AE4ED /* Debug */,
				3F6929A9299DEB5D004AE4ED /* Release */,
			);
			defaultConfigurationIsVisible = 0;
			defaultConfigurationName = Release;
		};
		3F6929AA299DEB5D004AE4ED /* Build configuration list for PBXNativeTarget "HeartRateMonitorUITests" */ = {
			isa = XCConfigurationList;
			buildConfigurations = (
				3F6929AB299DEB5D004AE4ED /* Debug */,
				3F6929AC299DEB5D004AE4ED /* Release */,
			);
			defaultConfigurationIsVisible = 0;
			defaultConfigurationName = Release;
		};
/* End XCConfigurationList section */
	};
	rootObject = 3F692978299DEB5C004AE4ED /* Project object */;
}
